
Microsoft Visual Studio Solution File, Format Version 12.00
# Visual Studio 15
VisualStudioVersion = 15.0.27130.2026
MinimumVisualStudioVersion = 10.0.40219.1
Project("{FAE04EC0-301F-11D3-BF4B-00C04F79EFBC}") = "CityMap.Android", "CityMap\CityMap.Android\CityMap.Android.csproj", "{ADAE2ED6-30CC-4186-B97F-C0B55461DDF4}"
EndProject
Project("{FAE04EC0-301F-11D3-BF4B-00C04F79EFBC}") = "CityMap.iOS", "CityMap\CityMap.iOS\CityMap.iOS.csproj", "{28F0B75A-DDE6-4FF1-BC5C-3E7B9F205F5B}"
EndProject
Project("{9A19103F-16F7-4668-BE54-9A1E7A4F7556}") = "CityMap", "CityMap\CityMap\CityMap.csproj", "{254CEA47-64C1-4D97-BCD7-25FC6A4DF4DA}"
EndProject
Global
	GlobalSection(SolutionConfigurationPlatforms) = preSolution
		Debug|Any CPU = Debug|Any CPU
		Debug|iPhone = Debug|iPhone
		Debug|iPhoneSimulator = Debug|iPhoneSimulator
		Release|Any CPU = Release|Any CPU
		Release|iPhone = Release|iPhone
		Release|iPhoneSimulator = Release|iPhoneSimulator
	EndGlobalSection
	GlobalSection(ProjectConfigurationPlatforms) = postSolution
		{ADAE2ED6-30CC-4186-B97F-C0B55461DDF4}.Debug|Any CPU.ActiveCfg = Debug|Any CPU
		{ADAE2ED6-30CC-4186-B97F-C0B55461DDF4}.Debug|Any CPU.Build.0 = Debug|Any CPU
		{ADAE2ED6-30CC-4186-B97F-C0B55461DDF4}.Debug|Any CPU.Deploy.0 = Debug|Any CPU
		{ADAE2ED6-30CC-4186-B97F-C0B55461DDF4}.Debug|iPhone.ActiveCfg = Debug|Any CPU
		{ADAE2ED6-30CC-4186-B97F-C0B55461DDF4}.Debug|iPhone.Build.0 = Debug|Any CPU
		{ADAE2ED6-30CC-4186-B97F-C0B55461DDF4}.Debug|iPhone.Deploy.0 = Debug|Any CPU
		{ADAE2ED6-30CC-4186-B97F-C0B55461DDF4}.Debug|iPhoneSimulator.ActiveCfg = Debug|Any CPU
		{ADAE2ED6-30CC-4186-B97F-C0B55461DDF4}.Debug|iPhoneSimulator.Build.0 = Debug|Any CPU
		{ADAE2ED6-30CC-4186-B97F-C0B55461DDF4}.Debug|iPhoneSimulator.Deploy.0 = Debug|Any CPU
		{ADAE2ED6-30CC-4186-B97F-C0B55461DDF4}.Release|Any CPU.ActiveCfg = Release|Any CPU
		{ADAE2ED6-30CC-4186-B97F-C0B55461DDF4}.Release|Any CPU.Build.0 = Release|Any CPU
		{ADAE2ED6-30CC-4186-B97F-C0B55461DDF4}.Release|Any CPU.Deploy.0 = Release|Any CPU
		{ADAE2ED6-30CC-4186-B97F-C0B55461DDF4}.Release|iPhone.ActiveCfg = Release|Any CPU
		{ADAE2ED6-30CC-4186-B97F-C0B55461DDF4}.Release|iPhone.Build.0 = Release|Any CPU
		{ADAE2ED6-30CC-4186-B97F-C0B55461DDF4}.Release|iPhone.Deploy.0 = Release|Any CPU
		{ADAE2ED6-30CC-4186-B97F-C0B55461DDF4}.Release|iPhoneSimulator.ActiveCfg = Release|Any CPU
		{ADAE2ED6-30CC-4186-B97F-C0B55461DDF4}.Release|iPhoneSimulator.Build.0 = Release|Any CPU
		{ADAE2ED6-30CC-4186-B97F-C0B55461DDF4}.Release|iPhoneSimulator.Deploy.0 = Release|Any CPU
		{28F0B75A-DDE6-4FF1-BC5C-3E7B9F205F5B}.Debug|Any CPU.ActiveCfg = Debug|iPhoneSimulator
		{28F0B75A-DDE6-4FF1-BC5C-3E7B9F205F5B}.Debug|iPhone.ActiveCfg = Debug|iPhone
		{28F0B75A-DDE6-4FF1-BC5C-3E7B9F205F5B}.Debug|iPhone.Build.0 = Debug|iPhone
		{28F0B75A-DDE6-4FF1-BC5C-3E7B9F205F5B}.Debug|iPhoneSimulator.ActiveCfg = Debug|iPhoneSimulator
		{28F0B75A-DDE6-4FF1-BC5C-3E7B9F205F5B}.Debug|iPhoneSimulator.Build.0 = Debug|iPhoneSimulator
		{28F0B75A-DDE6-4FF1-BC5C-3E7B9F205F5B}.Release|Any CPU.ActiveCfg = Release|iPhone
		{28F0B75A-DDE6-4FF1-BC5C-3E7B9F205F5B}.Release|iPhone.ActiveCfg = Release|iPhone
		{28F0B75A-DDE6-4FF1-BC5C-3E7B9F205F5B}.Release|iPhone.Build.0 = Release|iPhone
		{28F0B75A-DDE6-4FF1-BC5C-3E7B9F205F5B}.Release|iPhoneSimulator.ActiveCfg = Release|iPhone
		{28F0B75A-DDE6-4FF1-BC5C-3E7B9F205F5B}.Release|iPhoneSimulator.Build.0 = Release|iPhone
		{254CEA47-64C1-4D97-BCD7-25FC6A4DF4DA}.Debug|Any CPU.ActiveCfg = Debug|Any CPU
		{254CEA47-64C1-4D97-BCD7-25FC6A4DF4DA}.Debug|Any CPU.Build.0 = Debug|Any CPU
		{254CEA47-64C1-4D97-BCD7-25FC6A4DF4DA}.Debug|iPhone.ActiveCfg = Debug|Any CPU
		{254CEA47-64C1-4D97-BCD7-25FC6A4DF4DA}.Debug|iPhone.Build.0 = Debug|Any CPU
		{254CEA47-64C1-4D97-BCD7-25FC6A4DF4DA}.Debug|iPhoneSimulator.ActiveCfg = Debug|Any CPU
		{254CEA47-64C1-4D97-BCD7-25FC6A4DF4DA}.Debug|iPhoneSimulator.Build.0 = Debug|Any CPU
		{254CEA47-64C1-4D97-BCD7-25FC6A4DF4DA}.Release|Any CPU.ActiveCfg = Release|Any CPU
		{254CEA47-64C1-4D97-BCD7-25FC6A4DF4DA}.Release|Any CPU.Build.0 = Release|Any CPU
		{254CEA47-64C1-4D97-BCD7-25FC6A4DF4DA}.Release|iPhone.ActiveCfg = Release|Any CPU
		{254CEA47-64C1-4D97-BCD7-25FC6A4DF4DA}.Release|iPhone.Build.0 = Release|Any CPU
		{254CEA47-64C1-4D97-BCD7-25FC6A4DF4DA}.Release|iPhoneSimulator.ActiveCfg = Release|Any CPU
		{254CEA47-64C1-4D97-BCD7-25FC6A4DF4DA}.Release|iPhoneSimulator.Build.0 = Release|Any CPU
	EndGlobalSection
	GlobalSection(SolutionProperties) = preSolution
		HideSolutionNode = FALSE
	EndGlobalSection
	GlobalSection(ExtensibilityGlobals) = postSolution
		SolutionGuid = {50A75AB0-CDC0-4FF5-82CA-2AC48FBBA435}
	EndGlobalSection
EndGlobal
